
Microsoft Visual Studio Solution File, Format Version 12.00
# Visual Studio Version 17
VisualStudioVersion = 17.5.33627.172
MinimumVisualStudioVersion = 10.0.40219.1
Project("{9A19103F-16F7-4668-BE54-9A1E7A4F7556}") = "oop_crud", "oop_crud.csproj", "{C161A1F5-382E-410C-B21A-6B4D67D1A4DE}"
EndProject
Project("{FAE04EC0-301F-11D3-BF4B-00C04F79EFBC}") = "cipher_plugin_lfsr", "..\..\projects c plysplus\cipher_plugin_lfsr\cipher_plugin_lfsr\cipher_plugin_lfsr.csproj", "{8D8439E4-5F16-4B06-8392-37B4D3A3255F}"
EndProject
Project("{FAE04EC0-301F-11D3-BF4B-00C04F79EFBC}") = "cezar_lib_plugin", "..\..\projects c plysplus\cezar_lib\cezar_lib_plugin.csproj", "{9149FF45-F65D-4D3C-8F8A-964032A062D5}"
EndProject
Global
	GlobalSection(SolutionConfigurationPlatforms) = preSolution
		Debug|Any CPU = Debug|Any CPU
		Release|Any CPU = Release|Any CPU
	EndGlobalSection
	GlobalSection(ProjectConfigurationPlatforms) = postSolution
		{C161A1F5-382E-410C-B21A-6B4D67D1A4DE}.Debug|Any CPU.ActiveCfg = Debug|Any CPU
		{C161A1F5-382E-410C-B21A-6B4D67D1A4DE}.Debug|Any CPU.Build.0 = Debug|Any CPU
		{C161A1F5-382E-410C-B21A-6B4D67D1A4DE}.Release|Any CPU.ActiveCfg = Release|Any CPU
		{C161A1F5-382E-410C-B21A-6B4D67D1A4DE}.Release|Any CPU.Build.0 = Release|Any CPU
		{8D8439E4-5F16-4B06-8392-37B4D3A3255F}.Debug|Any CPU.ActiveCfg = Debug|Any CPU
		{8D8439E4-5F16-4B06-8392-37B4D3A3255F}.Debug|Any CPU.Build.0 = Debug|Any CPU
		{8D8439E4-5F16-4B06-8392-37B4D3A3255F}.Release|Any CPU.ActiveCfg = Release|Any CPU
		{8D8439E4-5F16-4B06-8392-37B4D3A3255F}.Release|Any CPU.Build.0 = Release|Any CPU
		{9149FF45-F65D-4D3C-8F8A-964032A062D5}.Debug|Any CPU.ActiveCfg = Debug|Any CPU
		{9149FF45-F65D-4D3C-8F8A-964032A062D5}.Debug|Any CPU.Build.0 = Debug|Any CPU
		{9149FF45-F65D-4D3C-8F8A-964032A062D5}.Release|Any CPU.ActiveCfg = Release|Any CPU
		{9149FF45-F65D-4D3C-8F8A-964032A062D5}.Release|Any CPU.Build.0 = Release|Any CPU
	EndGlobalSection
	GlobalSection(SolutionProperties) = preSolution
		HideSolutionNode = FALSE
	EndGlobalSection
	GlobalSection(ExtensibilityGlobals) = postSolution
		SolutionGuid = {B3846C40-8535-4EA3-9EA5-BB4618EB7EB7}
	EndGlobalSection
EndGlobal
